
Microsoft Visual Studio Solution File, Format Version 11.00
# Visual Studio 2010
Project("{FAE04EC0-301F-11D3-BF4B-00C04F79EFBC}") = "WebSocket4Net.Mono", "WebSocket4Net\WebSocket4Net.Mono.csproj", "{6920447F-76B1-4739-822E-9CE3A2882718}"
EndProject
Global
	GlobalSection(SolutionConfigurationPlatforms) = preSolution
		Debug|Any CPU = Debug|Any CPU
		Debug|Mixed Platforms = Debug|Mixed Platforms
		Release|Any CPU = Release|Any CPU
		Release|Mixed Platforms = Release|Mixed Platforms
	EndGlobalSection
	GlobalSection(ProjectConfigurationPlatforms) = postSolution
		{6920447F-76B1-4739-822E-9CE3A2882718}.Debug|Any CPU.ActiveCfg = Debug|Any CPU
		{6920447F-76B1-4739-822E-9CE3A2882718}.Debug|Any CPU.Build.0 = Debug|Any CPU
		{6920447F-76B1-4739-822E-9CE3A2882718}.Debug|Mixed Platforms.ActiveCfg = Debug|Any CPU
		{6920447F-76B1-4739-822E-9CE3A2882718}.Debug|Mixed Platforms.Build.0 = Debug|Any CPU
		{6920447F-76B1-4739-822E-9CE3A2882718}.Release|Any CPU.ActiveCfg = Release|Any CPU
		{6920447F-76B1-4739-822E-9CE3A2882718}.Release|Any CPU.Build.0 = Release|Any CPU
		{6920447F-76B1-4739-822E-9CE3A2882718}.Release|Mixed Platforms.ActiveCfg = Release|Any CPU
		{6920447F-76B1-4739-822E-9CE3A2882718}.Release|Mixed Platforms.Build.0 = Release|Any CPU
	EndGlobalSection
	GlobalSection(MonoDevelopProperties) = preSolution
		StartupItem = WebSocket4Net\WebSocket4Net.Mono.csproj
	EndGlobalSection
	GlobalSection(SolutionProperties) = preSolution
		HideSolutionNode = FALSE
	EndGlobalSection
EndGlobal
