
Microsoft Visual Studio Solution File, Format Version 11.00
# Visual Studio 2010
Project("{FAE04EC0-301F-11D3-BF4B-00C04F79EFBC}") = "WebSocket4Net.MonoDroid", "WebSocket4Net.MonoDroid\WebSocket4Net.MonoDroid.csproj", "{119C56BD-C133-4D7B-9C33-0F8CE1B1B61E}"
EndProject
Global
	GlobalSection(SolutionConfigurationPlatforms) = preSolution
		Debug|Any CPU = Debug|Any CPU
		Release|Any CPU = Release|Any CPU
	EndGlobalSection
	GlobalSection(ProjectConfigurationPlatforms) = postSolution
		{119C56BD-C133-4D7B-9C33-0F8CE1B1B61E}.Debug|Any CPU.ActiveCfg = Debug|Any CPU
		{119C56BD-C133-4D7B-9C33-0F8CE1B1B61E}.Debug|Any CPU.Build.0 = Debug|Any CPU
		{119C56BD-C133-4D7B-9C33-0F8CE1B1B61E}.Release|Any CPU.ActiveCfg = Release|Any CPU
		{119C56BD-C133-4D7B-9C33-0F8CE1B1B61E}.Release|Any CPU.Build.0 = Release|Any CPU
	EndGlobalSection
	GlobalSection(SolutionProperties) = preSolution
		HideSolutionNode = FALSE
	EndGlobalSection
	GlobalSection(MonoDevelopProperties) = preSolution
		StartupItem = WebSocket4Net\WebSocket4Net.csproj
	EndGlobalSection
EndGlobal
