
Microsoft Visual Studio Solution File, Format Version 12.00
# Visual Studio 15
VisualStudioVersion = 15.0.26124.0
MinimumVisualStudioVersion = 15.0.26124.0
Project("{2150E333-8FDC-42A3-9474-1A3956D46DE8}") = "src", "src", "{FA8E0D3F-5235-45FE-B7FA-7E71E1FD2C3D}"
EndProject
Project("{FAE04EC0-301F-11D3-BF4B-00C04F79EFBC}") = "WebSocket4Net", "src\WebSocket4Net\WebSocket4Net.csproj", "{5090F80A-B7A2-44FB-9E18-A2E6021C3934}"
EndProject
Project("{2150E333-8FDC-42A3-9474-1A3956D46DE8}") = "test", "test", "{CD84063F-769C-4DEC-B9FE-E479856FFAA2}"
EndProject
Project("{FAE04EC0-301F-11D3-BF4B-00C04F79EFBC}") = "WebSocket4Net.Tests", "test\WebSocket4Net.Tests\WebSocket4Net.Tests.csproj", "{97B06DB6-764A-4F48-AD7C-466E911D2F29}"
EndProject
Global
	GlobalSection(SolutionConfigurationPlatforms) = preSolution
		Debug|Any CPU = Debug|Any CPU
		Debug|x64 = Debug|x64
		Debug|x86 = Debug|x86
		Release|Any CPU = Release|Any CPU
		Release|x64 = Release|x64
		Release|x86 = Release|x86
	EndGlobalSection
	GlobalSection(SolutionProperties) = preSolution
		HideSolutionNode = FALSE
	EndGlobalSection
	GlobalSection(ProjectConfigurationPlatforms) = postSolution
		{5090F80A-B7A2-44FB-9E18-A2E6021C3934}.Debug|Any CPU.ActiveCfg = Debug|Any CPU
		{5090F80A-B7A2-44FB-9E18-A2E6021C3934}.Debug|Any CPU.Build.0 = Debug|Any CPU
		{5090F80A-B7A2-44FB-9E18-A2E6021C3934}.Debug|x64.ActiveCfg = Debug|Any CPU
		{5090F80A-B7A2-44FB-9E18-A2E6021C3934}.Debug|x64.Build.0 = Debug|Any CPU
		{5090F80A-B7A2-44FB-9E18-A2E6021C3934}.Debug|x86.ActiveCfg = Debug|Any CPU
		{5090F80A-B7A2-44FB-9E18-A2E6021C3934}.Debug|x86.Build.0 = Debug|Any CPU
		{5090F80A-B7A2-44FB-9E18-A2E6021C3934}.Release|Any CPU.ActiveCfg = Release|Any CPU
		{5090F80A-B7A2-44FB-9E18-A2E6021C3934}.Release|Any CPU.Build.0 = Release|Any CPU
		{5090F80A-B7A2-44FB-9E18-A2E6021C3934}.Release|x64.ActiveCfg = Release|Any CPU
		{5090F80A-B7A2-44FB-9E18-A2E6021C3934}.Release|x64.Build.0 = Release|Any CPU
		{5090F80A-B7A2-44FB-9E18-A2E6021C3934}.Release|x86.ActiveCfg = Release|Any CPU
		{5090F80A-B7A2-44FB-9E18-A2E6021C3934}.Release|x86.Build.0 = Release|Any CPU
		{97B06DB6-764A-4F48-AD7C-466E911D2F29}.Debug|Any CPU.ActiveCfg = Debug|Any CPU
		{97B06DB6-764A-4F48-AD7C-466E911D2F29}.Debug|Any CPU.Build.0 = Debug|Any CPU
		{97B06DB6-764A-4F48-AD7C-466E911D2F29}.Debug|x64.ActiveCfg = Debug|Any CPU
		{97B06DB6-764A-4F48-AD7C-466E911D2F29}.Debug|x64.Build.0 = Debug|Any CPU
		{97B06DB6-764A-4F48-AD7C-466E911D2F29}.Debug|x86.ActiveCfg = Debug|Any CPU
		{97B06DB6-764A-4F48-AD7C-466E911D2F29}.Debug|x86.Build.0 = Debug|Any CPU
		{97B06DB6-764A-4F48-AD7C-466E911D2F29}.Release|Any CPU.ActiveCfg = Release|Any CPU
		{97B06DB6-764A-4F48-AD7C-466E911D2F29}.Release|Any CPU.Build.0 = Release|Any CPU
		{97B06DB6-764A-4F48-AD7C-466E911D2F29}.Release|x64.ActiveCfg = Release|Any CPU
		{97B06DB6-764A-4F48-AD7C-466E911D2F29}.Release|x64.Build.0 = Release|Any CPU
		{97B06DB6-764A-4F48-AD7C-466E911D2F29}.Release|x86.ActiveCfg = Release|Any CPU
		{97B06DB6-764A-4F48-AD7C-466E911D2F29}.Release|x86.Build.0 = Release|Any CPU
	EndGlobalSection
	GlobalSection(NestedProjects) = preSolution
		{5090F80A-B7A2-44FB-9E18-A2E6021C3934} = {FA8E0D3F-5235-45FE-B7FA-7E71E1FD2C3D}
		{97B06DB6-764A-4F48-AD7C-466E911D2F29} = {CD84063F-769C-4DEC-B9FE-E479856FFAA2}
	EndGlobalSection
EndGlobal
