
Microsoft Visual Studio Solution File, Format Version 11.00
# Visual Studio 2010
Project("{FAE04EC0-301F-11D3-BF4B-00C04F79EFBC}") = "WP7Test", "Test\WP7Test\WP7Test.csproj", "{4F31A447-2A8C-4321-99C2-FF7851E0CF3B}"
EndProject
Project("{FAE04EC0-301F-11D3-BF4B-00C04F79EFBC}") = "WebSocket4Net.WP71", "WebSocket4Net.WP71\WebSocket4Net.WP71.csproj", "{57B077EB-85DE-44B2-AD0A-DA7DB3BF4F84}"
EndProject
Global
	GlobalSection(SolutionConfigurationPlatforms) = preSolution
		Debug|Any CPU = Debug|Any CPU
		Debug|ARM = Debug|ARM
		Debug|x86 = Debug|x86
		Release|Any CPU = Release|Any CPU
		Release|ARM = Release|ARM
		Release|x86 = Release|x86
	EndGlobalSection
	GlobalSection(ProjectConfigurationPlatforms) = postSolution
		{4F31A447-2A8C-4321-99C2-FF7851E0CF3B}.Debug|Any CPU.ActiveCfg = Debug|Any CPU
		{4F31A447-2A8C-4321-99C2-FF7851E0CF3B}.Debug|Any CPU.Build.0 = Debug|Any CPU
		{4F31A447-2A8C-4321-99C2-FF7851E0CF3B}.Debug|Any CPU.Deploy.0 = Debug|Any CPU
		{4F31A447-2A8C-4321-99C2-FF7851E0CF3B}.Debug|ARM.ActiveCfg = Debug|Any CPU
		{4F31A447-2A8C-4321-99C2-FF7851E0CF3B}.Debug|x86.ActiveCfg = Debug|Any CPU
		{4F31A447-2A8C-4321-99C2-FF7851E0CF3B}.Release|Any CPU.ActiveCfg = Release|Any CPU
		{4F31A447-2A8C-4321-99C2-FF7851E0CF3B}.Release|Any CPU.Build.0 = Release|Any CPU
		{4F31A447-2A8C-4321-99C2-FF7851E0CF3B}.Release|Any CPU.Deploy.0 = Release|Any CPU
		{4F31A447-2A8C-4321-99C2-FF7851E0CF3B}.Release|ARM.ActiveCfg = Release|Any CPU
		{4F31A447-2A8C-4321-99C2-FF7851E0CF3B}.Release|x86.ActiveCfg = Release|Any CPU
		{57B077EB-85DE-44B2-AD0A-DA7DB3BF4F84}.Debug|Any CPU.ActiveCfg = Debug|Any CPU
		{57B077EB-85DE-44B2-AD0A-DA7DB3BF4F84}.Debug|Any CPU.Build.0 = Debug|Any CPU
		{57B077EB-85DE-44B2-AD0A-DA7DB3BF4F84}.Debug|ARM.ActiveCfg = Debug|Any CPU
		{57B077EB-85DE-44B2-AD0A-DA7DB3BF4F84}.Debug|x86.ActiveCfg = Debug|Any CPU
		{57B077EB-85DE-44B2-AD0A-DA7DB3BF4F84}.Release|Any CPU.ActiveCfg = Release|Any CPU
		{57B077EB-85DE-44B2-AD0A-DA7DB3BF4F84}.Release|Any CPU.Build.0 = Release|Any CPU
		{57B077EB-85DE-44B2-AD0A-DA7DB3BF4F84}.Release|ARM.ActiveCfg = Release|Any CPU
		{57B077EB-85DE-44B2-AD0A-DA7DB3BF4F84}.Release|x86.ActiveCfg = Release|Any CPU
	EndGlobalSection
	GlobalSection(SolutionProperties) = preSolution
		HideSolutionNode = FALSE
	EndGlobalSection
	GlobalSection(MonoDevelopProperties) = preSolution
		StartupItem = WebSocket4Net\WebSocket4Net.csproj
	EndGlobalSection
EndGlobal
