
Microsoft Visual Studio Solution File, Format Version 12.00
# Visual Studio 14
VisualStudioVersion = 14.0.23107.0
MinimumVisualStudioVersion = 10.0.40219.1
Project("{FAE04EC0-301F-11D3-BF4B-00C04F79EFBC}") = "iOSUnifiedTest", "iOSUnifiedTest.csproj", "{5F47326B-B7CF-4BC4-9B1F-C085185D009B}"
EndProject
Global
	GlobalSection(SolutionConfigurationPlatforms) = preSolution
		Ad-Hoc|iPhone = Ad-Hoc|iPhone
		Ad-Hoc|iPhoneSimulator = Ad-Hoc|iPhoneSimulator
		AppStore|iPhone = AppStore|iPhone
		AppStore|iPhoneSimulator = AppStore|iPhoneSimulator
		Debug|iPhone = Debug|iPhone
		Debug|iPhoneSimulator = Debug|iPhoneSimulator
		Release|iPhone = Release|iPhone
		Release|iPhoneSimulator = Release|iPhoneSimulator
	EndGlobalSection
	GlobalSection(ProjectConfigurationPlatforms) = postSolution
		{5F47326B-B7CF-4BC4-9B1F-C085185D009B}.Ad-Hoc|iPhone.ActiveCfg = Ad-Hoc|iPhone
		{5F47326B-B7CF-4BC4-9B1F-C085185D009B}.Ad-Hoc|iPhone.Build.0 = Ad-Hoc|iPhone
		{5F47326B-B7CF-4BC4-9B1F-C085185D009B}.Ad-Hoc|iPhoneSimulator.ActiveCfg = Ad-Hoc|iPhoneSimulator
		{5F47326B-B7CF-4BC4-9B1F-C085185D009B}.Ad-Hoc|iPhoneSimulator.Build.0 = Ad-Hoc|iPhoneSimulator
		{5F47326B-B7CF-4BC4-9B1F-C085185D009B}.AppStore|iPhone.ActiveCfg = AppStore|iPhone
		{5F47326B-B7CF-4BC4-9B1F-C085185D009B}.AppStore|iPhone.Build.0 = AppStore|iPhone
		{5F47326B-B7CF-4BC4-9B1F-C085185D009B}.AppStore|iPhoneSimulator.ActiveCfg = AppStore|iPhoneSimulator
		{5F47326B-B7CF-4BC4-9B1F-C085185D009B}.AppStore|iPhoneSimulator.Build.0 = AppStore|iPhoneSimulator
		{5F47326B-B7CF-4BC4-9B1F-C085185D009B}.Debug|iPhone.ActiveCfg = Debug|iPhone
		{5F47326B-B7CF-4BC4-9B1F-C085185D009B}.Debug|iPhone.Build.0 = Debug|iPhone
		{5F47326B-B7CF-4BC4-9B1F-C085185D009B}.Debug|iPhoneSimulator.ActiveCfg = Debug|iPhoneSimulator
		{5F47326B-B7CF-4BC4-9B1F-C085185D009B}.Debug|iPhoneSimulator.Build.0 = Debug|iPhoneSimulator
		{5F47326B-B7CF-4BC4-9B1F-C085185D009B}.Release|iPhone.ActiveCfg = Release|iPhone
		{5F47326B-B7CF-4BC4-9B1F-C085185D009B}.Release|iPhone.Build.0 = Release|iPhone
		{5F47326B-B7CF-4BC4-9B1F-C085185D009B}.Release|iPhoneSimulator.ActiveCfg = Release|iPhoneSimulator
		{5F47326B-B7CF-4BC4-9B1F-C085185D009B}.Release|iPhoneSimulator.Build.0 = Release|iPhoneSimulator
	EndGlobalSection
	GlobalSection(SolutionProperties) = preSolution
		HideSolutionNode = FALSE
	EndGlobalSection
EndGlobal
