
Microsoft Visual Studio Solution File, Format Version 11.00
# Visual Studio 2010
Project("{FAE04EC0-301F-11D3-BF4B-00C04F79EFBC}") = "WebSocket4Net.JsBridge", "WebSocket4Net.JsBridge\WebSocket4Net.JsBridge.csproj", "{9C1369D6-A361-415D-8BBC-E81DA5AEB2BB}"
EndProject
Project("{FAE04EC0-301F-11D3-BF4B-00C04F79EFBC}") = "WebSocket4Net.Silverlight", "..\WebSocket4Net.Silverlight\WebSocket4Net.Silverlight.csproj", "{57D44E92-7B6F-4F3D-8755-FBB1E1456C36}"
EndProject
Project("{FAE04EC0-301F-11D3-BF4B-00C04F79EFBC}") = "Sample", "Sample\Sample.csproj", "{F75B5134-7372-4DC3-B9A6-3D5627DA3E2C}"
EndProject
Global
	GlobalSection(SolutionConfigurationPlatforms) = preSolution
		Debug|Any CPU = Debug|Any CPU
		Release|Any CPU = Release|Any CPU
	EndGlobalSection
	GlobalSection(ProjectConfigurationPlatforms) = postSolution
		{9C1369D6-A361-415D-8BBC-E81DA5AEB2BB}.Debug|Any CPU.ActiveCfg = Debug|Any CPU
		{9C1369D6-A361-415D-8BBC-E81DA5AEB2BB}.Debug|Any CPU.Build.0 = Debug|Any CPU
		{9C1369D6-A361-415D-8BBC-E81DA5AEB2BB}.Release|Any CPU.ActiveCfg = Release|Any CPU
		{9C1369D6-A361-415D-8BBC-E81DA5AEB2BB}.Release|Any CPU.Build.0 = Release|Any CPU
		{57D44E92-7B6F-4F3D-8755-FBB1E1456C36}.Debug|Any CPU.ActiveCfg = Debug|Any CPU
		{57D44E92-7B6F-4F3D-8755-FBB1E1456C36}.Debug|Any CPU.Build.0 = Debug|Any CPU
		{57D44E92-7B6F-4F3D-8755-FBB1E1456C36}.Release|Any CPU.ActiveCfg = Release|Any CPU
		{57D44E92-7B6F-4F3D-8755-FBB1E1456C36}.Release|Any CPU.Build.0 = Release|Any CPU
		{F75B5134-7372-4DC3-B9A6-3D5627DA3E2C}.Debug|Any CPU.ActiveCfg = Debug|Any CPU
		{F75B5134-7372-4DC3-B9A6-3D5627DA3E2C}.Debug|Any CPU.Build.0 = Debug|Any CPU
		{F75B5134-7372-4DC3-B9A6-3D5627DA3E2C}.Release|Any CPU.ActiveCfg = Release|Any CPU
		{F75B5134-7372-4DC3-B9A6-3D5627DA3E2C}.Release|Any CPU.Build.0 = Release|Any CPU
	EndGlobalSection
	GlobalSection(SolutionProperties) = preSolution
		HideSolutionNode = FALSE
	EndGlobalSection
EndGlobal
